
Microsoft Visual Studio Solution File, Format Version 12.00
# Visual Studio Version 17
VisualStudioVersion = 17.13.35931.197 d17.13
MinimumVisualStudioVersion = 10.0.40219.1
Project("{FAE04EC0-301F-11D3-BF4B-00C04F79EFBC}") = "Buoi8-Bai1", "Buoi8-Bai1\Buoi8-Bai1.csproj", "{EDBBBFF2-25D0-4D56-8C50-88EFE3B70947}"
EndProject
Global
	GlobalSection(SolutionConfigurationPlatforms) = preSolution
		Debug|Any CPU = Debug|Any CPU
		Release|Any CPU = Release|Any CPU
	EndGlobalSection
	GlobalSection(ProjectConfigurationPlatforms) = postSolution
		{EDBBBFF2-25D0-4D56-8C50-88EFE3B70947}.Debug|Any CPU.ActiveCfg = Debug|Any CPU
		{EDBBBFF2-25D0-4D56-8C50-88EFE3B70947}.Debug|Any CPU.Build.0 = Debug|Any CPU
		{EDBBBFF2-25D0-4D56-8C50-88EFE3B70947}.Release|Any CPU.ActiveCfg = Release|Any CPU
		{EDBBBFF2-25D0-4D56-8C50-88EFE3B70947}.Release|Any CPU.Build.0 = Release|Any CPU
	EndGlobalSection
	GlobalSection(SolutionProperties) = preSolution
		HideSolutionNode = FALSE
	EndGlobalSection
	GlobalSection(ExtensibilityGlobals) = postSolution
		SolutionGuid = {CF04963C-9B42-40FE-94A8-D0DE316609E1}
	EndGlobalSection
EndGlobal
