
Microsoft Visual Studio Solution File, Format Version 12.00
# Visual Studio Version 17
VisualStudioVersion = 17.13.35931.197
MinimumVisualStudioVersion = 10.0.40219.1
Project("{FAE04EC0-301F-11D3-BF4B-00C04F79EFBC}") = "Buoi6_Bai5.1", "Buoi6_Bai5.1\Buoi6_Bai5.1.csproj", "{EAAD992B-17F6-491C-B22B-E6314168862A}"
EndProject
Project("{FAE04EC0-301F-11D3-BF4B-00C04F79EFBC}") = "Buoi6_Bai5.2", "Buoi6_Bai5.2\Buoi6_Bai5.2.csproj", "{0B252D34-ED91-4E02-8313-3DA57DC8A93A}"
EndProject
Project("{FAE04EC0-301F-11D3-BF4B-00C04F79EFBC}") = "Buoi6_Bai5.3", "Buoi6_Bai5.3\Buoi6_Bai5.3.csproj", "{26301ACE-4CD6-4A66-977A-2C80A45310A5}"
EndProject
Project("{FAE04EC0-301F-11D3-BF4B-00C04F79EFBC}") = "Buoi6_Bai5.4", "Buoi6_Bai5.4\Buoi6_Bai5.4.csproj", "{73C32A5E-9B7B-4CC3-97ED-5F0EB89E6041}"
EndProject
Global
	GlobalSection(SolutionConfigurationPlatforms) = preSolution
		Debug|Any CPU = Debug|Any CPU
		Release|Any CPU = Release|Any CPU
	EndGlobalSection
	GlobalSection(ProjectConfigurationPlatforms) = postSolution
		{EAAD992B-17F6-491C-B22B-E6314168862A}.Debug|Any CPU.ActiveCfg = Debug|Any CPU
		{EAAD992B-17F6-491C-B22B-E6314168862A}.Debug|Any CPU.Build.0 = Debug|Any CPU
		{EAAD992B-17F6-491C-B22B-E6314168862A}.Release|Any CPU.ActiveCfg = Release|Any CPU
		{EAAD992B-17F6-491C-B22B-E6314168862A}.Release|Any CPU.Build.0 = Release|Any CPU
		{0B252D34-ED91-4E02-8313-3DA57DC8A93A}.Debug|Any CPU.ActiveCfg = Debug|Any CPU
		{0B252D34-ED91-4E02-8313-3DA57DC8A93A}.Debug|Any CPU.Build.0 = Debug|Any CPU
		{0B252D34-ED91-4E02-8313-3DA57DC8A93A}.Release|Any CPU.ActiveCfg = Release|Any CPU
		{0B252D34-ED91-4E02-8313-3DA57DC8A93A}.Release|Any CPU.Build.0 = Release|Any CPU
		{26301ACE-4CD6-4A66-977A-2C80A45310A5}.Debug|Any CPU.ActiveCfg = Debug|Any CPU
		{26301ACE-4CD6-4A66-977A-2C80A45310A5}.Debug|Any CPU.Build.0 = Debug|Any CPU
		{26301ACE-4CD6-4A66-977A-2C80A45310A5}.Release|Any CPU.ActiveCfg = Release|Any CPU
		{26301ACE-4CD6-4A66-977A-2C80A45310A5}.Release|Any CPU.Build.0 = Release|Any CPU
		{73C32A5E-9B7B-4CC3-97ED-5F0EB89E6041}.Debug|Any CPU.ActiveCfg = Debug|Any CPU
		{73C32A5E-9B7B-4CC3-97ED-5F0EB89E6041}.Debug|Any CPU.Build.0 = Debug|Any CPU
		{73C32A5E-9B7B-4CC3-97ED-5F0EB89E6041}.Release|Any CPU.ActiveCfg = Release|Any CPU
		{73C32A5E-9B7B-4CC3-97ED-5F0EB89E6041}.Release|Any CPU.Build.0 = Release|Any CPU
	EndGlobalSection
	GlobalSection(SolutionProperties) = preSolution
		HideSolutionNode = FALSE
	EndGlobalSection
	GlobalSection(ExtensibilityGlobals) = postSolution
		SolutionGuid = {8B4269B8-E660-482C-8615-25C6444B842A}
	EndGlobalSection
EndGlobal
