
Microsoft Visual Studio Solution File, Format Version 12.00
# Visual Studio Version 17
VisualStudioVersion = 17.13.35931.197
MinimumVisualStudioVersion = 10.0.40219.1
Project("{FAE04EC0-301F-11D3-BF4B-00C04F79EFBC}") = "OnTapListView", "OnTapListView\OnTapListView.csproj", "{F830AFA5-2E3C-4B4D-856A-23326CB122EC}"
EndProject
Project("{FAE04EC0-301F-11D3-BF4B-00C04F79EFBC}") = "OnTapListBox", "OnTapListBox\OnTapListBox.csproj", "{740426C7-CCED-4E61-817A-D02822AE05FD}"
EndProject
Project("{FAE04EC0-301F-11D3-BF4B-00C04F79EFBC}") = "OnTapCommonDiaLog", "OnTapCommonDiaLog\OnTapCommonDiaLog.csproj", "{680C7061-98CA-43CC-9D6B-FF12ECC32D22}"
EndProject
Project("{FAE04EC0-301F-11D3-BF4B-00C04F79EFBC}") = "OnTapMangSoNguyen", "OnTapMangSoNguyen\OnTapMangSoNguyen.csproj", "{32111930-09D3-4223-9DFF-CBAC815B108A}"
EndProject
Project("{FAE04EC0-301F-11D3-BF4B-00C04F79EFBC}") = "OnTapPhanMang", "OnTapPhanMang\OnTapPhanMang.csproj", "{0715900C-28FD-4FB4-9972-E4E27E6D76E1}"
EndProject
Global
	GlobalSection(SolutionConfigurationPlatforms) = preSolution
		Debug|Any CPU = Debug|Any CPU
		Release|Any CPU = Release|Any CPU
	EndGlobalSection
	GlobalSection(ProjectConfigurationPlatforms) = postSolution
		{F830AFA5-2E3C-4B4D-856A-23326CB122EC}.Debug|Any CPU.ActiveCfg = Debug|Any CPU
		{F830AFA5-2E3C-4B4D-856A-23326CB122EC}.Debug|Any CPU.Build.0 = Debug|Any CPU
		{F830AFA5-2E3C-4B4D-856A-23326CB122EC}.Release|Any CPU.ActiveCfg = Release|Any CPU
		{F830AFA5-2E3C-4B4D-856A-23326CB122EC}.Release|Any CPU.Build.0 = Release|Any CPU
		{740426C7-CCED-4E61-817A-D02822AE05FD}.Debug|Any CPU.ActiveCfg = Debug|Any CPU
		{740426C7-CCED-4E61-817A-D02822AE05FD}.Debug|Any CPU.Build.0 = Debug|Any CPU
		{740426C7-CCED-4E61-817A-D02822AE05FD}.Release|Any CPU.ActiveCfg = Release|Any CPU
		{740426C7-CCED-4E61-817A-D02822AE05FD}.Release|Any CPU.Build.0 = Release|Any CPU
		{680C7061-98CA-43CC-9D6B-FF12ECC32D22}.Debug|Any CPU.ActiveCfg = Debug|Any CPU
		{680C7061-98CA-43CC-9D6B-FF12ECC32D22}.Debug|Any CPU.Build.0 = Debug|Any CPU
		{680C7061-98CA-43CC-9D6B-FF12ECC32D22}.Release|Any CPU.ActiveCfg = Release|Any CPU
		{680C7061-98CA-43CC-9D6B-FF12ECC32D22}.Release|Any CPU.Build.0 = Release|Any CPU
		{32111930-09D3-4223-9DFF-CBAC815B108A}.Debug|Any CPU.ActiveCfg = Debug|Any CPU
		{32111930-09D3-4223-9DFF-CBAC815B108A}.Debug|Any CPU.Build.0 = Debug|Any CPU
		{32111930-09D3-4223-9DFF-CBAC815B108A}.Release|Any CPU.ActiveCfg = Release|Any CPU
		{32111930-09D3-4223-9DFF-CBAC815B108A}.Release|Any CPU.Build.0 = Release|Any CPU
		{0715900C-28FD-4FB4-9972-E4E27E6D76E1}.Debug|Any CPU.ActiveCfg = Debug|Any CPU
		{0715900C-28FD-4FB4-9972-E4E27E6D76E1}.Debug|Any CPU.Build.0 = Debug|Any CPU
		{0715900C-28FD-4FB4-9972-E4E27E6D76E1}.Release|Any CPU.ActiveCfg = Release|Any CPU
		{0715900C-28FD-4FB4-9972-E4E27E6D76E1}.Release|Any CPU.Build.0 = Release|Any CPU
	EndGlobalSection
	GlobalSection(SolutionProperties) = preSolution
		HideSolutionNode = FALSE
	EndGlobalSection
	GlobalSection(ExtensibilityGlobals) = postSolution
		SolutionGuid = {7A7DB9E7-6EB6-44AB-8048-19F9F40A7121}
	EndGlobalSection
EndGlobal
