
Microsoft Visual Studio Solution File, Format Version 12.00
# Visual Studio Version 17
VisualStudioVersion = 17.13.35931.197
MinimumVisualStudioVersion = 10.0.40219.1
Project("{FAE04EC0-301F-11D3-BF4B-00C04F79EFBC}") = "Buoi4_Bai1", "Buoi4_Bai1\Buoi4_Bai1.csproj", "{23320246-405D-4F6E-9F46-A4AFB173277F}"
EndProject
Project("{FAE04EC0-301F-11D3-BF4B-00C04F79EFBC}") = "Buoi4_Bai2", "Buoi4_Bai2\Buoi4_Bai2.csproj", "{5106C56F-0E72-46AE-ACF5-EE1122288231}"
EndProject
Project("{FAE04EC0-301F-11D3-BF4B-00C04F79EFBC}") = "Buoi4_Bai3", "Buoi4_Bai3\Buoi4_Bai3.csproj", "{84ED3011-B211-4987-A47D-EC4656E0C75F}"
EndProject
Global
	GlobalSection(SolutionConfigurationPlatforms) = preSolution
		Debug|Any CPU = Debug|Any CPU
		Release|Any CPU = Release|Any CPU
	EndGlobalSection
	GlobalSection(ProjectConfigurationPlatforms) = postSolution
		{23320246-405D-4F6E-9F46-A4AFB173277F}.Debug|Any CPU.ActiveCfg = Debug|Any CPU
		{23320246-405D-4F6E-9F46-A4AFB173277F}.Debug|Any CPU.Build.0 = Debug|Any CPU
		{23320246-405D-4F6E-9F46-A4AFB173277F}.Release|Any CPU.ActiveCfg = Release|Any CPU
		{23320246-405D-4F6E-9F46-A4AFB173277F}.Release|Any CPU.Build.0 = Release|Any CPU
		{5106C56F-0E72-46AE-ACF5-EE1122288231}.Debug|Any CPU.ActiveCfg = Debug|Any CPU
		{5106C56F-0E72-46AE-ACF5-EE1122288231}.Debug|Any CPU.Build.0 = Debug|Any CPU
		{5106C56F-0E72-46AE-ACF5-EE1122288231}.Release|Any CPU.ActiveCfg = Release|Any CPU
		{5106C56F-0E72-46AE-ACF5-EE1122288231}.Release|Any CPU.Build.0 = Release|Any CPU
		{84ED3011-B211-4987-A47D-EC4656E0C75F}.Debug|Any CPU.ActiveCfg = Debug|Any CPU
		{84ED3011-B211-4987-A47D-EC4656E0C75F}.Debug|Any CPU.Build.0 = Debug|Any CPU
		{84ED3011-B211-4987-A47D-EC4656E0C75F}.Release|Any CPU.ActiveCfg = Release|Any CPU
		{84ED3011-B211-4987-A47D-EC4656E0C75F}.Release|Any CPU.Build.0 = Release|Any CPU
	EndGlobalSection
	GlobalSection(SolutionProperties) = preSolution
		HideSolutionNode = FALSE
	EndGlobalSection
	GlobalSection(ExtensibilityGlobals) = postSolution
		SolutionGuid = {43FE19AF-F3D1-46E2-9EC9-56DE9A4C9023}
	EndGlobalSection
EndGlobal
